
Microsoft Visual Studio Solution File, Format Version 12.00
# Visual Studio 15
VisualStudioVersion = 15.0.26124.0
MinimumVisualStudioVersion = 15.0.26124.0
Project("{2150E333-8FDC-42A3-9474-1A3956D46DE8}") = "src", "src", "{E00FE891-1431-4207-A844-B76FC39357DD}"
EndProject
Project("{FAE04EC0-301F-11D3-BF4B-00C04F79EFBC}") = "GradeBook", "src\GradeBook\GradeBook.csproj", "{E297B8A3-4FF3-43DB-89E0-4248D3528578}"
EndProject
Project("{2150E333-8FDC-42A3-9474-1A3956D46DE8}") = "test", "test", "{1988C2C4-F388-42FE-88AD-D3705594007C}"
EndProject
Project("{FAE04EC0-301F-11D3-BF4B-00C04F79EFBC}") = "GradeBook.Tests", "test\GradeBook.Tests\GradeBook.Tests.csproj", "{536A9D5C-E986-4ECE-8007-BF6BBFA2D67A}"
EndProject
Global
	GlobalSection(SolutionConfigurationPlatforms) = preSolution
		Debug|Any CPU = Debug|Any CPU
		Debug|x64 = Debug|x64
		Debug|x86 = Debug|x86
		Release|Any CPU = Release|Any CPU
		Release|x64 = Release|x64
		Release|x86 = Release|x86
	EndGlobalSection
	GlobalSection(SolutionProperties) = preSolution
		HideSolutionNode = FALSE
	EndGlobalSection
	GlobalSection(ProjectConfigurationPlatforms) = postSolution
		{E297B8A3-4FF3-43DB-89E0-4248D3528578}.Debug|Any CPU.ActiveCfg = Debug|Any CPU
		{E297B8A3-4FF3-43DB-89E0-4248D3528578}.Debug|Any CPU.Build.0 = Debug|Any CPU
		{E297B8A3-4FF3-43DB-89E0-4248D3528578}.Debug|x64.ActiveCfg = Debug|Any CPU
		{E297B8A3-4FF3-43DB-89E0-4248D3528578}.Debug|x64.Build.0 = Debug|Any CPU
		{E297B8A3-4FF3-43DB-89E0-4248D3528578}.Debug|x86.ActiveCfg = Debug|Any CPU
		{E297B8A3-4FF3-43DB-89E0-4248D3528578}.Debug|x86.Build.0 = Debug|Any CPU
		{E297B8A3-4FF3-43DB-89E0-4248D3528578}.Release|Any CPU.ActiveCfg = Release|Any CPU
		{E297B8A3-4FF3-43DB-89E0-4248D3528578}.Release|Any CPU.Build.0 = Release|Any CPU
		{E297B8A3-4FF3-43DB-89E0-4248D3528578}.Release|x64.ActiveCfg = Release|Any CPU
		{E297B8A3-4FF3-43DB-89E0-4248D3528578}.Release|x64.Build.0 = Release|Any CPU
		{E297B8A3-4FF3-43DB-89E0-4248D3528578}.Release|x86.ActiveCfg = Release|Any CPU
		{E297B8A3-4FF3-43DB-89E0-4248D3528578}.Release|x86.Build.0 = Release|Any CPU
		{536A9D5C-E986-4ECE-8007-BF6BBFA2D67A}.Debug|Any CPU.ActiveCfg = Debug|Any CPU
		{536A9D5C-E986-4ECE-8007-BF6BBFA2D67A}.Debug|Any CPU.Build.0 = Debug|Any CPU
		{536A9D5C-E986-4ECE-8007-BF6BBFA2D67A}.Debug|x64.ActiveCfg = Debug|Any CPU
		{536A9D5C-E986-4ECE-8007-BF6BBFA2D67A}.Debug|x64.Build.0 = Debug|Any CPU
		{536A9D5C-E986-4ECE-8007-BF6BBFA2D67A}.Debug|x86.ActiveCfg = Debug|Any CPU
		{536A9D5C-E986-4ECE-8007-BF6BBFA2D67A}.Debug|x86.Build.0 = Debug|Any CPU
		{536A9D5C-E986-4ECE-8007-BF6BBFA2D67A}.Release|Any CPU.ActiveCfg = Release|Any CPU
		{536A9D5C-E986-4ECE-8007-BF6BBFA2D67A}.Release|Any CPU.Build.0 = Release|Any CPU
		{536A9D5C-E986-4ECE-8007-BF6BBFA2D67A}.Release|x64.ActiveCfg = Release|Any CPU
		{536A9D5C-E986-4ECE-8007-BF6BBFA2D67A}.Release|x64.Build.0 = Release|Any CPU
		{536A9D5C-E986-4ECE-8007-BF6BBFA2D67A}.Release|x86.ActiveCfg = Release|Any CPU
		{536A9D5C-E986-4ECE-8007-BF6BBFA2D67A}.Release|x86.Build.0 = Release|Any CPU
	EndGlobalSection
	GlobalSection(NestedProjects) = preSolution
		{E297B8A3-4FF3-43DB-89E0-4248D3528578} = {E00FE891-1431-4207-A844-B76FC39357DD}
		{536A9D5C-E986-4ECE-8007-BF6BBFA2D67A} = {1988C2C4-F388-42FE-88AD-D3705594007C}
	EndGlobalSection
EndGlobal
